# THIS IS AN AUTOGENERATED FILE. DO NOT EDIT THIS FILE DIRECTLY.
# yarn lockfile v1


"@types/faker@^5.1.2":
  version "5.1.4"
  resolved "https://registry.yarnpkg.com/@types/faker/-/faker-5.1.4.tgz#1299e3e3e1b115227a33f2330bc038ce03237b52"
  integrity sha512-ZK+Bmi5GcWSLe8TQDOj9+K5KImV/41Ydm7Fs3IbtAA11l1MVK0Dlo16KTni5cGZISxGiCaWE+uB9gznWT2GUgw==

"@types/googlemaps@^3.40.3":
  version "3.40.3"
  resolved "https://registry.yarnpkg.com/@types/googlemaps/-/googlemaps-3.40.3.tgz#04420bba5b60ca599a9b7d7a49e38c4242fd5a69"
  integrity sha512-ivlG5S0LlnQgpgPnQCUNAs7kjBtO367ZwDmuK+ggsQfW+w4N0RyWbxWZ6vPwegDe50Du3Xbb5+QVwJuB/U1XpA==

axios@^0.21.1:
  version "0.21.1"
  resolved "https://registry.yarnpkg.com/axios/-/axios-0.21.1.tgz#22563481962f4d6bde9a76d516ef0e5d3c09b2b8"
  integrity sha512-dKQiRHxGD9PPRIUNIWvZhPTPpl1rf/OxTYKsqKUDjBwYylTvV7SjSHJb9ratfyzM6wCdLCOYLzs73qpg5c4iGA==
  dependencies:
    follow-redirects "^1.10.0"

faker@^5.1.0:
  version "5.1.0"
  resolved "https://registry.yarnpkg.com/faker/-/faker-5.1.0.tgz#e10fa1dec4502551aee0eb771617a7e7b94692e8"
  integrity sha512-RrWKFSSA/aNLP0g3o2WW1Zez7/MnMr7xkiZmoCfAGZmdkDQZ6l2KtuXHN5XjdvpRjDl8+3vf+Rrtl06Z352+Mw==

follow-redirects@^1.10.0:
  version "1.13.0"
  resolved "https://registry.yarnpkg.com/follow-redirects/-/follow-redirects-1.13.0.tgz#b42e8d93a2a7eea5ed88633676d6597bc8e384db"
  integrity sha512-aq6gF1BEKje4a9i9+5jimNFIpq4Q1WiwBToeRK5NvZBd/TRsmW8BsJfOEGkr76TbOyPVD3OVDN910EcUNtRYEA==

typescript@^4.0.3:
  version "4.1.2"
  resolved "https://registry.yarnpkg.com/typescript/-/typescript-4.1.2.tgz#6369ef22516fe5e10304aae5a5c4862db55380e9"
  integrity sha512-thGloWsGH3SOxv1SoY7QojKi0tc+8FnOmiarEGMbd/lar7QOEd3hvlx3Fp5y6FlDUGl9L+pd4n2e+oToGMmhRQ==
